// !$*UTF8*$!
{
	archiveVersion = 1;
	classes = {
	};
	objectVersion = 46;
	objects = {

/* Begin PBXBuildFile section */
		2DEF788415153CFC006B26A3 /* UIKit.framework in Frameworks */ = {isa = PBXBuildFile; fileRef = 2DEF788315153CFC006B26A3 /* UIKit.framework */; };
		2DEF788615153CFC006B26A3 /* Foundation.framework in Frameworks */ = {isa = PBXBuildFile; fileRef = 2DEF788515153CFC006B26A3 /* Foundation.framework */; };
		2DEF788815153CFC006B26A3 /* CoreGraphics.framework in Frameworks */ = {isa = PBXBuildFile; fileRef = 2DEF788715153CFC006B26A3 /* CoreGraphics.framework */; };
		2DEF788A15153CFC006B26A3 /* GLKit.framework in Frameworks */ = {isa = PBXBuildFile; fileRef = 2DEF788915153CFC006B26A3 /* GLKit.framework */; };
		2DEF788C15153CFC006B26A3 /* OpenGLES.framework in Frameworks */ = {isa = PBXBuildFile; fileRef = 2DEF788B15153CFC006B26A3 /* OpenGLES.framework */; };
		2DEF789215153CFC006B26A3 /* InfoPlist.strings in Resources */ = {isa = PBXBuildFile; fileRef = 2DEF789015153CFC006B26A3 /* InfoPlist.strings */; };
		2DEF789415153CFC006B26A3 /* main.m in Sources */ = {isa = PBXBuildFile; fileRef = 2DEF789315153CFC006B26A3 /* main.m */; };
		2DEF789815153CFC006B26A3 /* AppDelegate.m in Sources */ = {isa = PBXBuildFile; fileRef = 2DEF789715153CFC006B26A3 /* AppDelegate.m */; };
		2DEF789B15153CFC006B26A3 /* MainStoryboard.storyboard in Resources */ = {isa = PBXBuildFile; fileRef = 2DEF789915153CFC006B26A3 /* MainStoryboard.storyboard */; };
		2DEF789D15153CFC006B26A3 /* Shader.fsh in Resources */ = {isa = PBXBuildFile; fileRef = 2DEF789C15153CFC006B26A3 /* Shader.fsh */; };
		2DEF789F15153CFC006B26A3 /* Shader.vsh in Resources */ = {isa = PBXBuildFile; fileRef = 2DEF789E15153CFC006B26A3 /* Shader.vsh */; };
		2DEF78A215153CFC006B26A3 /* ViewController.m in Sources */ = {isa = PBXBuildFile; fileRef = 2DEF78A115153CFC006B26A3 /* ViewController.m */; };
/* End PBXBuildFile section */

/* Begin PBXFileReference section */
		2DEF787F15153CFC006B26A3 /* 3DPen.app */ = {isa = PBXFileReference; explicitFileType = wrapper.application; includeInIndex = 0; path = 3DPen.app; sourceTree = BUILT_PRODUCTS_DIR; };
		2DEF788315153CFC006B26A3 /* UIKit.framework */ = {isa = PBXFileReference; lastKnownFileType = wrapper.framework; name = UIKit.framework; path = System/Library/Frameworks/UIKit.framework; sourceTree = SDKROOT; };
		2DEF788515153CFC006B26A3 /* Foundation.framework */ = {isa = PBXFileReference; lastKnownFileType = wrapper.framework; name = Foundation.framework; path = System/Library/Frameworks/Foundation.framework; sourceTree = SDKROOT; };
		2DEF788715153CFC006B26A3 /* CoreGraphics.framework */ = {isa = PBXFileReference; lastKnownFileType = wrapper.framework; name = CoreGraphics.framework; path = System/Library/Frameworks/CoreGraphics.framework; sourceTree = SDKROOT; };
		2DEF788915153CFC006B26A3 /* GLKit.framework */ = {isa = PBXFileReference; lastKnownFileType = wrapper.framework; name = GLKit.framework; path = System/Library/Frameworks/GLKit.framework; sourceTree = SDKROOT; };
		2DEF788B15153CFC006B26A3 /* OpenGLES.framework */ = {isa = PBXFileReference; lastKnownFileType = wrapper.framework; name = OpenGLES.framework; path = System/Library/Frameworks/OpenGLES.framework; sourceTree = SDKROOT; };
		2DEF788F15153CFC006B26A3 /* 3DPen-Info.plist */ = {isa = PBXFileReference; path = "3DPen-Info.plist"; sourceTree = "<group>"; };
		2DEF789115153CFC006B26A3 /* en */ = {isa = PBXFileReference; lastKnownFileType = text.plist.strings; name = en; path = en.lproj/InfoPlist.strings; sourceTree = "<group>"; };
		2DEF789315153CFC006B26A3 /* main.m */ = {isa = PBXFileReference; lastKnownFileType = sourcecode.c.objc; path = main.m; sourceTree = "<group>"; };
		2DEF789515153CFC006B26A3 /* 3DPen-Prefix.pch */ = {isa = PBXFileReference; path = "3DPen-Prefix.pch"; sourceTree = "<group>"; };
		2DEF789615153CFC006B26A3 /* AppDelegate.h */ = {isa = PBXFileReference; path = AppDelegate.h; sourceTree = "<group>"; };
		2DEF789715153CFC006B26A3 /* AppDelegate.m */ = {isa = PBXFileReference; lastKnownFileType = sourcecode.c.objc; path = AppDelegate.m; sourceTree = "<group>"; };
		2DEF789A15153CFC006B26A3 /* en */ = {isa = PBXFileReference; lastKnownFileType = file.storyboard; name = en; path = en.lproj/MainStoryboard.storyboard; sourceTree = "<group>"; };
		2DEF789C15153CFC006B26A3 /* Shader.fsh */ = {isa = PBXFileReference; lastKnownFileType = sourcecode.glsl; name = Shader.fsh; path = Shaders/Shader.fsh; sourceTree = "<group>"; };
		2DEF789E15153CFC006B26A3 /* Shader.vsh */ = {isa = PBXFileReference; lastKnownFileType = sourcecode.glsl; name = Shader.vsh; path = Shaders/Shader.vsh; sourceTree = "<group>"; };
		2DEF78A015153CFC006B26A3 /* ViewController.h */ = {isa = PBXFileReference; path = ViewController.h; sourceTree = "<group>"; };
		2DEF78A115153CFC006B26A3 /* ViewController.m */ = {isa = PBXFileReference; lastKnownFileType = sourcecode.c.objc; path = ViewController.m; sourceTree = "<group>"; };
/* End PBXFileReference section */

/* Begin PBXFrameworksBuildPhase section */
		2DEF787C15153CFC006B26A3 /* Frameworks */ = {
			isa = PBXFrameworksBuildPhase;
			buildActionMask = 2147483647;
			files = (
				2DEF788415153CFC006B26A3 /* UIKit.framework in Frameworks */,
				2DEF788615153CFC006B26A3 /* Foundation.framework in Frameworks */,
				2DEF788815153CFC006B26A3 /* CoreGraphics.framework in Frameworks */,
				2DEF788A15153CFC006B26A3 /* GLKit.framework in Frameworks */,
				2DEF788C15153CFC006B26A3 /* OpenGLES.framework in Frameworks */,
			);
			runOnlyForDeploymentPostprocessing = 0;
		};
/* End PBXFrameworksBuildPhase section */

/* Begin PBXGroup section */
		2DEF787415153CFC006B26A3 = {
			isa = PBXGroup;
			children = (
				2DEF788D15153CFC006B26A3 /* 3DPen */,
				2DEF788215153CFC006B26A3 /* Frameworks */,
				2DEF788015153CFC006B26A3 /* Products */,
			);
			sourceTree = "<group>";
		};
		2DEF788015153CFC006B26A3 /* Products */ = {
			isa = PBXGroup;
			children = (
				2DEF787F15153CFC006B26A3 /* 3DPen.app */,
			);
			name = Products;
			sourceTree = "<group>";
		};
		2DEF788215153CFC006B26A3 /* Frameworks */ = {
			isa = PBXGroup;
			children = (
				2DEF788315153CFC006B26A3 /* UIKit.framework */,
				2DEF788515153CFC006B26A3 /* Foundation.framework */,
				2DEF788715153CFC006B26A3 /* CoreGraphics.framework */,
				2DEF788915153CFC006B26A3 /* GLKit.framework */,
				2DEF788B15153CFC006B26A3 /* OpenGLES.framework */,
			);
			name = Frameworks;
			sourceTree = "<group>";
		};
		2DEF788D15153CFC006B26A3 /* 3DPen */ = {
			isa = PBXGroup;
			children = (
				2DEF789615153CFC006B26A3 /* AppDelegate.h */,
				2DEF789715153CFC006B26A3 /* AppDelegate.m */,
				2DEF789915153CFC006B26A3 /* MainStoryboard.storyboard */,
				2DEF789C15153CFC006B26A3 /* Shader.fsh */,
				2DEF789E15153CFC006B26A3 /* Shader.vsh */,
				2DEF78A015153CFC006B26A3 /* ViewController.h */,
				2DEF78A115153CFC006B26A3 /* ViewController.m */,
				2DEF788E15153CFC006B26A3 /* Supporting Files */,
			);
			path = 3DPen;
			sourceTree = "<group>";
		};
		2DEF788E15153CFC006B26A3 /* Supporting Files */ = {
			isa = PBXGroup;
			children = (
				2DEF788F15153CFC006B26A3 /* 3DPen-Info.plist */,
				2DEF789015153CFC006B26A3 /* InfoPlist.strings */,
				2DEF789315153CFC006B26A3 /* main.m */,
				2DEF789515153CFC006B26A3 /* 3DPen-Prefix.pch */,
			);
			name = "Supporting Files";
			sourceTree = "<group>";
		};
/* End PBXGroup section */

/* Begin PBXNativeTarget section */
		2DEF787E15153CFC006B26A3 /* 3DPen */ = {
			isa = PBXNativeTarget;
			buildConfigurationList = 2DEF78A515153CFC006B26A3 /* Build configuration list for PBXNativeTarget "3DPen" */;
			buildPhases = (
				2DEF787B15153CFC006B26A3 /* Sources */,
				2DEF787C15153CFC006B26A3 /* Frameworks */,
				2DEF787D15153CFC006B26A3 /* Resources */,
			);
			buildRules = (
			);
			dependencies = (
			);
			name = 3DPen;
			productName = 3DPen;
			productReference = 2DEF787F15153CFC006B26A3 /* 3DPen.app */;
			productType = "com.apple.product-type.application";
		};
/* End PBXNativeTarget section */

/* Begin PBXProject section */
		2DEF787615153CFC006B26A3 /* Project object */ = {
			isa = PBXProject;
			attributes = {
				LastUpgradeCheck = 0420;
			};
			buildConfigurationList = 2DEF787915153CFC006B26A3 /* Build configuration list for PBXProject "3DPen" */;
			compatibilityVersion = "Xcode 3.2";
			developmentRegion = English;
			hasScannedForEncodings = 0;
			knownRegions = (
				en,
			);
			mainGroup = 2DEF787415153CFC006B26A3;
			productRefGroup = 2DEF788015153CFC006B26A3 /* Products */;
			projectDirPath = "";
			projectRoot = "";
			targets = (
				2DEF787E15153CFC006B26A3 /* 3DPen */,
			);
		};
/* End PBXProject section */

/* Begin PBXResourcesBuildPhase section */
		2DEF787D15153CFC006B26A3 /* Resources */ = {
			isa = PBXResourcesBuildPhase;
			buildActionMask = 2147483647;
			files = (
				2DEF789215153CFC006B26A3 /* InfoPlist.strings in Resources */,
				2DEF789B15153CFC006B26A3 /* MainStoryboard.storyboard in Resources */,
				2DEF789D15153CFC006B26A3 /* Shader.fsh in Resources */,
				2DEF789F15153CFC006B26A3 /* Shader.vsh in Resources */,
			);
			runOnlyForDeploymentPostprocessing = 0;
		};
/* End PBXResourcesBuildPhase section */

/* Begin PBXSourcesBuildPhase section */
		2DEF787B15153CFC006B26A3 /* Sources */ = {
			isa = PBXSourcesBuildPhase;
			buildActionMask = 2147483647;
			files = (
				2DEF789415153CFC006B26A3 /* main.m in Sources */,
				2DEF789815153CFC006B26A3 /* AppDelegate.m in Sources */,
				2DEF78A215153CFC006B26A3 /* ViewController.m in Sources */,
			);
			runOnlyForDeploymentPostprocessing = 0;
		};
/* End PBXSourcesBuildPhase section */

/* Begin PBXVariantGroup section */
		2DEF789015153CFC006B26A3 /* InfoPlist.strings */ = {
			isa = PBXVariantGroup;
			children = (
				2DEF789115153CFC006B26A3 /* en */,
			);
			name = InfoPlist.strings;
			sourceTree = "<group>";
		};
		2DEF789915153CFC006B26A3 /* MainStoryboard.storyboard */ = {
			isa = PBXVariantGroup;
			children = (
				2DEF789A15153CFC006B26A3 /* en */,
			);
			name = MainStoryboard.storyboard;
			sourceTree = "<group>";
		};
/* End PBXVariantGroup section */

/* Begin XCBuildConfiguration section */
		2DEF78A315153CFC006B26A3 /* Debug */ = {
			isa = XCBuildConfiguration;
			buildSettings = {
				ALWAYS_SEARCH_USER_PATHS = NO;
				ARCHS = "$(ARCHS_STANDARD_32_BIT)";
				CLANG_ENABLE_OBJC_ARC = YES;
				"CODE_SIGN_IDENTITY[sdk=iphoneos*]" = "iPhone Developer";
				COPY_PHASE_STRIP = NO;
				GCC_C_LANGUAGE_STANDARD = gnu99;
				GCC_DYNAMIC_NO_PIC = NO;
				GCC_OPTIMIZATION_LEVEL = 0;
				GCC_PREPROCESSOR_DEFINITIONS = (
					"DEBUG=1",
					"$(inherited)",
				);
				GCC_SYMBOLS_PRIVATE_EXTERN = NO;
				GCC_VERSION = com.apple.compilers.llvm.clang.1_0;
				GCC_WARN_ABOUT_MISSING_PROTOTYPES = YES;
				GCC_WARN_ABOUT_RETURN_TYPE = YES;
				GCC_WARN_UNUSED_VARIABLE = YES;
				IPHONEOS_DEPLOYMENT_TARGET = 5.0;
				SDKROOT = iphoneos;
			};
			name = Debug;
		};
		2DEF78A415153CFC006B26A3 /* Release */ = {
			isa = XCBuildConfiguration;
			buildSettings = {
				ALWAYS_SEARCH_USER_PATHS = NO;
				ARCHS = "$(ARCHS_STANDARD_32_BIT)";
				CLANG_ENABLE_OBJC_ARC = YES;
				"CODE_SIGN_IDENTITY[sdk=iphoneos*]" = "iPhone Developer";
				COPY_PHASE_STRIP = YES;
				GCC_C_LANGUAGE_STANDARD = gnu99;
				GCC_VERSION = com.apple.compilers.llvm.clang.1_0;
				GCC_WARN_ABOUT_MISSING_PROTOTYPES = YES;
				GCC_WARN_ABOUT_RETURN_TYPE = YES;
				GCC_WARN_UNUSED_VARIABLE = YES;
				IPHONEOS_DEPLOYMENT_TARGET = 5.0;
				OTHER_CFLAGS = "-DNS_BLOCK_ASSERTIONS=1";
				SDKROOT = iphoneos;
				VALIDATE_PRODUCT = YES;
			};
			name = Release;
		};
		2DEF78A615153CFC006B26A3 /* Debug */ = {
			isa = XCBuildConfiguration;
			buildSettings = {
				GCC_PRECOMPILE_PREFIX_HEADER = YES;
				GCC_PREFIX_HEADER = "3DPen/3DPen-Prefix.pch";
				"GCC_THUMB_SUPPORT[arch=armv6]" = "";
				INFOPLIST_FILE = "3DPen/3DPen-Info.plist";
				PRODUCT_NAME = "$(TARGET_NAME)";
				WRAPPER_EXTENSION = app;
			};
			name = Debug;
		};
		2DEF78A715153CFC006B26A3 /* Release */ = {
			isa = XCBuildConfiguration;
			buildSettings = {
				GCC_PRECOMPILE_PREFIX_HEADER = YES;
				GCC_PREFIX_HEADER = "3DPen/3DPen-Prefix.pch";
				"GCC_THUMB_SUPPORT[arch=armv6]" = "";
				INFOPLIST_FILE = "3DPen/3DPen-Info.plist";
				PRODUCT_NAME = "$(TARGET_NAME)";
				WRAPPER_EXTENSION = app;
			};
			name = Release;
		};
/* End XCBuildConfiguration section */

/* Begin XCConfigurationList section */
		2DEF787915153CFC006B26A3 /* Build configuration list for PBXProject "3DPen" */ = {
			isa = XCConfigurationList;
			buildConfigurations = (
				2DEF78A315153CFC006B26A3 /* Debug */,
				2DEF78A415153CFC006B26A3 /* Release */,
			);
			defaultConfigurationIsVisible = 0;
			defaultConfigurationName = Release;
		};
		2DEF78A515153CFC006B26A3 /* Build configuration list for PBXNativeTarget "3DPen" */ = {
			isa = XCConfigurationList;
			buildConfigurations = (
				2DEF78A615153CFC006B26A3 /* Debug */,
				2DEF78A715153CFC006B26A3 /* Release */,
			);
			defaultConfigurationIsVisible = 0;
		};
/* End XCConfigurationList section */
	};
	rootObject = 2DEF787615153CFC006B26A3 /* Project object */;
}
